// !$*UTF8*$!
{
	archiveVersion = 1;
	classes = {
	};
	objectVersion = 46;
	objects = {

/* Begin PBXBuildFile section */
		E546C9881B4EB49600D8DD6D /* AppDelegate.swift in Sources */ = {isa = PBXBuildFile; fileRef = E546C9871B4EB49600D8DD6D /* AppDelegate.swift */; };
		E546C98A1B4EB49600D8DD6D /* LoginViewController.swift in Sources */ = {isa = PBXBuildFile; fileRef = E546C9891B4EB49600D8DD6D /* LoginViewController.swift */; };
		E546C98D1B4EB49600D8DD6D /* Main.storyboard in Resources */ = {isa = PBXBuildFile; fileRef = E546C98B1B4EB49600D8DD6D /* Main.storyboard */; };
		E546C98F1B4EB49600D8DD6D /* Images.xcassets in Resources */ = {isa = PBXBuildFile; fileRef = E546C98E1B4EB49600D8DD6D /* Images.xcassets */; };
		E546C9921B4EB49600D8DD6D /* LaunchScreen.xib in Resources */ = {isa = PBXBuildFile; fileRef = E546C9901B4EB49600D8DD6D /* LaunchScreen.xib */; };
		E546C99E1B4EB49600D8DD6D /* ParseShareTests.swift in Sources */ = {isa = PBXBuildFile; fileRef = E546C99D1B4EB49600D8DD6D /* ParseShareTests.swift */; };
		E546C9B21B4EE2E400D8DD6D /* AudioToolbox.framework in Frameworks */ = {isa = PBXBuildFile; fileRef = E546C9A71B4EE2E400D8DD6D /* AudioToolbox.framework */; };
		E546C9B31B4EE2E400D8DD6D /* CFNetwork.framework in Frameworks */ = {isa = PBXBuildFile; fileRef = E546C9A81B4EE2E400D8DD6D /* CFNetwork.framework */; };
		E546C9B41B4EE2E400D8DD6D /* CoreGraphics.framework in Frameworks */ = {isa = PBXBuildFile; fileRef = E546C9A91B4EE2E400D8DD6D /* CoreGraphics.framework */; };
		E546C9B51B4EE2E400D8DD6D /* CoreLocation.framework in Frameworks */ = {isa = PBXBuildFile; fileRef = E546C9AA1B4EE2E400D8DD6D /* CoreLocation.framework */; };
		E546C9B61B4EE2E400D8DD6D /* libsqlite3.dylib in Frameworks */ = {isa = PBXBuildFile; fileRef = E546C9AB1B4EE2E400D8DD6D /* libsqlite3.dylib */; };
		E546C9B71B4EE2E400D8DD6D /* libz.dylib in Frameworks */ = {isa = PBXBuildFile; fileRef = E546C9AC1B4EE2E400D8DD6D /* libz.dylib */; };
		E546C9B81B4EE2E400D8DD6D /* MobileCoreServices.framework in Frameworks */ = {isa = PBXBuildFile; fileRef = E546C9AD1B4EE2E400D8DD6D /* MobileCoreServices.framework */; };
		E546C9B91B4EE2E400D8DD6D /* QuartzCore.framework in Frameworks */ = {isa = PBXBuildFile; fileRef = E546C9AE1B4EE2E400D8DD6D /* QuartzCore.framework */; };
		E546C9BA1B4EE2E400D8DD6D /* Security.framework in Frameworks */ = {isa = PBXBuildFile; fileRef = E546C9AF1B4EE2E400D8DD6D /* Security.framework */; };
		E546C9BB1B4EE2E400D8DD6D /* StoreKit.framework in Frameworks */ = {isa = PBXBuildFile; fileRef = E546C9B01B4EE2E400D8DD6D /* StoreKit.framework */; };
		E546C9BC1B4EE2E400D8DD6D /* SystemConfiguration.framework in Frameworks */ = {isa = PBXBuildFile; fileRef = E546C9B11B4EE2E400D8DD6D /* SystemConfiguration.framework */; };
		E546C9C01B4EE33500D8DD6D /* Bolts.framework in Frameworks */ = {isa = PBXBuildFile; fileRef = E546C9BE1B4EE33500D8DD6D /* Bolts.framework */; };
		E546C9C11B4EE33500D8DD6D /* Parse.framework in Frameworks */ = {isa = PBXBuildFile; fileRef = E546C9BF1B4EE33500D8DD6D /* Parse.framework */; };
		FDD1D8411B4F1A7100D7D415 /* SignUpViewController.swift in Sources */ = {isa = PBXBuildFile; fileRef = FDD1D8401B4F1A7100D7D415 /* SignUpViewController.swift */; };
		FDD1D8431B4FE6DB00D7D415 /* HomeViewController.swift in Sources */ = {isa = PBXBuildFile; fileRef = FDD1D8421B4FE6DB00D7D415 /* HomeViewController.swift */; };
/* End PBXBuildFile section */

/* Begin PBXContainerItemProxy section */
		E546C9981B4EB49600D8DD6D /* PBXContainerItemProxy */ = {
			isa = PBXContainerItemProxy;
			containerPortal = E546C97A1B4EB49600D8DD6D /* Project object */;
			proxyType = 1;
			remoteGlobalIDString = E546C9811B4EB49600D8DD6D;
			remoteInfo = ParseShare;
		};
/* End PBXContainerItemProxy section */

/* Begin PBXFileReference section */
		E546C9821B4EB49600D8DD6D /* ParseShare.app */ = {isa = PBXFileReference; explicitFileType = wrapper.application; includeInIndex = 0; path = ParseShare.app; sourceTree = BUILT_PRODUCTS_DIR; };
		E546C9861B4EB49600D8DD6D /* Info.plist */ = {isa = PBXFileReference; lastKnownFileType = text.plist.xml; path = Info.plist; sourceTree = "<group>"; };
		E546C9871B4EB49600D8DD6D /* AppDelegate.swift */ = {isa = PBXFileReference; lastKnownFileType = sourcecode.swift; path = AppDelegate.swift; sourceTree = "<group>"; };
		E546C9891B4EB49600D8DD6D /* LoginViewController.swift */ = {isa = PBXFileReference; lastKnownFileType = sourcecode.swift; path = LoginViewController.swift; sourceTree = "<group>"; };
		E546C98C1B4EB49600D8DD6D /* Base */ = {isa = PBXFileReference; lastKnownFileType = file.storyboard; name = Base; path = Base.lproj/Main.storyboard; sourceTree = "<group>"; };
		E546C98E1B4EB49600D8DD6D /* Images.xcassets */ = {isa = PBXFileReference; lastKnownFileType = folder.assetcatalog; path = Images.xcassets; sourceTree = "<group>"; };
		E546C9911B4EB49600D8DD6D /* Base */ = {isa = PBXFileReference; lastKnownFileType = file.xib; name = Base; path = Base.lproj/LaunchScreen.xib; sourceTree = "<group>"; };
		E546C9971B4EB49600D8DD6D /* ParseShareTests.xctest */ = {isa = PBXFileReference; explicitFileType = wrapper.cfbundle; includeInIndex = 0; path = ParseShareTests.xctest; sourceTree = BUILT_PRODUCTS_DIR; };
		E546C99C1B4EB49600D8DD6D /* Info.plist */ = {isa = PBXFileReference; lastKnownFileType = text.plist.xml; path = Info.plist; sourceTree = "<group>"; };
		E546C99D1B4EB49600D8DD6D /* ParseShareTests.swift */ = {isa = PBXFileReference; lastKnownFileType = sourcecode.swift; path = ParseShareTests.swift; sourceTree = "<group>"; };
		E546C9A71B4EE2E400D8DD6D /* AudioToolbox.framework */ = {isa = PBXFileReference; lastKnownFileType = wrapper.framework; name = AudioToolbox.framework; path = System/Library/Frameworks/AudioToolbox.framework; sourceTree = SDKROOT; };
		E546C9A81B4EE2E400D8DD6D /* CFNetwork.framework */ = {isa = PBXFileReference; lastKnownFileType = wrapper.framework; name = CFNetwork.framework; path = System/Library/Frameworks/CFNetwork.framework; sourceTree = SDKROOT; };
		E546C9A91B4EE2E400D8DD6D /* CoreGraphics.framework */ = {isa = PBXFileReference; lastKnownFileType = wrapper.framework; name = CoreGraphics.framework; path = System/Library/Frameworks/CoreGraphics.framework; sourceTree = SDKROOT; };
		E546C9AA1B4EE2E400D8DD6D /* CoreLocation.framework */ = {isa = PBXFileReference; lastKnownFileType = wrapper.framework; name = CoreLocation.framework; path = System/Library/Frameworks/CoreLocation.framework; sourceTree = SDKROOT; };
		E546C9AB1B4EE2E400D8DD6D /* libsqlite3.dylib */ = {isa = PBXFileReference; lastKnownFileType = "compiled.mach-o.dylib"; name = libsqlite3.dylib; path = usr/lib/libsqlite3.dylib; sourceTree = SDKROOT; };
		E546C9AC1B4EE2E400D8DD6D /* libz.dylib */ = {isa = PBXFileReference; lastKnownFileType = "compiled.mach-o.dylib"; name = libz.dylib; path = usr/lib/libz.dylib; sourceTree = SDKROOT; };
		E546C9AD1B4EE2E400D8DD6D /* MobileCoreServices.framework */ = {isa = PBXFileReference; lastKnownFileType = wrapper.framework; name = MobileCoreServices.framework; path = System/Library/Frameworks/MobileCoreServices.framework; sourceTree = SDKROOT; };
		E546C9AE1B4EE2E400D8DD6D /* QuartzCore.framework */ = {isa = PBXFileReference; lastKnownFileType = wrapper.framework; name = QuartzCore.framework; path = System/Library/Frameworks/QuartzCore.framework; sourceTree = SDKROOT; };
		E546C9AF1B4EE2E400D8DD6D /* Security.framework */ = {isa = PBXFileReference; lastKnownFileType = wrapper.framework; name = Security.framework; path = System/Library/Frameworks/Security.framework; sourceTree = SDKROOT; };
		E546C9B01B4EE2E400D8DD6D /* StoreKit.framework */ = {isa = PBXFileReference; lastKnownFileType = wrapper.framework; name = StoreKit.framework; path = System/Library/Frameworks/StoreKit.framework; sourceTree = SDKROOT; };
		E546C9B11B4EE2E400D8DD6D /* SystemConfiguration.framework */ = {isa = PBXFileReference; lastKnownFileType = wrapper.framework; name = SystemConfiguration.framework; path = System/Library/Frameworks/SystemConfiguration.framework; sourceTree = SDKROOT; };
		E546C9BE1B4EE33500D8DD6D /* Bolts.framework */ = {isa = PBXFileReference; lastKnownFileType = wrapper.framework; path = Bolts.framework; sourceTree = "<group>"; };
		E546C9BF1B4EE33500D8DD6D /* Parse.framework */ = {isa = PBXFileReference; lastKnownFileType = wrapper.framework; path = Parse.framework; sourceTree = "<group>"; };
		FDD1D8401B4F1A7100D7D415 /* SignUpViewController.swift */ = {isa = PBXFileReference; fileEncoding = 4; lastKnownFileType = sourcecode.swift; path = SignUpViewController.swift; sourceTree = "<group>"; };
		FDD1D8421B4FE6DB00D7D415 /* HomeViewController.swift */ = {isa = PBXFileReference; fileEncoding = 4; lastKnownFileType = sourcecode.swift; path = HomeViewController.swift; sourceTree = "<group>"; };
/* End PBXFileReference section */

/* Begin PBXFrameworksBuildPhase section */
		E546C97F1B4EB49600D8DD6D /* Frameworks */ = {
			isa = PBXFrameworksBuildPhase;
			buildActionMask = 2147483647;
			files = (
				E546C9B21B4EE2E400D8DD6D /* AudioToolbox.framework in Frameworks */,
				E546C9B31B4EE2E400D8DD6D /* CFNetwork.framework in Frameworks */,
				E546C9B41B4EE2E400D8DD6D /* CoreGraphics.framework in Frameworks */,
				E546C9C01B4EE33500D8DD6D /* Bolts.framework in Frameworks */,
				E546C9B51B4EE2E400D8DD6D /* CoreLocation.framework in Frameworks */,
				E546C9B61B4EE2E400D8DD6D /* libsqlite3.dylib in Frameworks */,
				E546C9C11B4EE33500D8DD6D /* Parse.framework in Frameworks */,
				E546C9B71B4EE2E400D8DD6D /* libz.dylib in Frameworks */,
				E546C9B81B4EE2E400D8DD6D /* MobileCoreServices.framework in Frameworks */,
				E546C9B91B4EE2E400D8DD6D /* QuartzCore.framework in Frameworks */,
				E546C9BA1B4EE2E400D8DD6D /* Security.framework in Frameworks */,
				E546C9BB1B4EE2E400D8DD6D /* StoreKit.framework in Frameworks */,
				E546C9BC1B4EE2E400D8DD6D /* SystemConfiguration.framework in Frameworks */,
			);
			runOnlyForDeploymentPostprocessing = 0;
		};
		E546C9941B4EB49600D8DD6D /* Frameworks */ = {
			isa = PBXFrameworksBuildPhase;
			buildActionMask = 2147483647;
			files = (
			);
			runOnlyForDeploymentPostprocessing = 0;
		};
/* End PBXFrameworksBuildPhase section */

/* Begin PBXGroup section */
		E546C9791B4EB49600D8DD6D = {
			isa = PBXGroup;
			children = (
				E546C9841B4EB49600D8DD6D /* ParseShare */,
				E546C99A1B4EB49600D8DD6D /* ParseShareTests */,
				E546C9831B4EB49600D8DD6D /* Products */,
				E546C9BD1B4EE30F00D8DD6D /* Frameworks */,
			);
			sourceTree = "<group>";
		};
		E546C9831B4EB49600D8DD6D /* Products */ = {
			isa = PBXGroup;
			children = (
				E546C9821B4EB49600D8DD6D /* ParseShare.app */,
				E546C9971B4EB49600D8DD6D /* ParseShareTests.xctest */,
			);
			name = Products;
			sourceTree = "<group>";
		};
		E546C9841B4EB49600D8DD6D /* ParseShare */ = {
			isa = PBXGroup;
			children = (
				E546C9871B4EB49600D8DD6D /* AppDelegate.swift */,
				E546C9891B4EB49600D8DD6D /* LoginViewController.swift */,
				FDD1D8401B4F1A7100D7D415 /* SignUpViewController.swift */,
				FDD1D8421B4FE6DB00D7D415 /* HomeViewController.swift */,
				E546C98B1B4EB49600D8DD6D /* Main.storyboard */,
				E546C98E1B4EB49600D8DD6D /* Images.xcassets */,
				E546C9901B4EB49600D8DD6D /* LaunchScreen.xib */,
				E546C9851B4EB49600D8DD6D /* Supporting Files */,
			);
			path = ParseShare;
			sourceTree = "<group>";
		};
		E546C9851B4EB49600D8DD6D /* Supporting Files */ = {
			isa = PBXGroup;
			children = (
				E546C9861B4EB49600D8DD6D /* Info.plist */,
			);
			name = "Supporting Files";
			sourceTree = "<group>";
		};
		E546C99A1B4EB49600D8DD6D /* ParseShareTests */ = {
			isa = PBXGroup;
			children = (
				E546C99D1B4EB49600D8DD6D /* ParseShareTests.swift */,
				E546C99B1B4EB49600D8DD6D /* Supporting Files */,
			);
			path = ParseShareTests;
			sourceTree = "<group>";
		};
		E546C99B1B4EB49600D8DD6D /* Supporting Files */ = {
			isa = PBXGroup;
			children = (
				E546C99C1B4EB49600D8DD6D /* Info.plist */,
			);
			name = "Supporting Files";
			sourceTree = "<group>";
		};
		E546C9BD1B4EE30F00D8DD6D /* Frameworks */ = {
			isa = PBXGroup;
			children = (
				E546C9BE1B4EE33500D8DD6D /* Bolts.framework */,
				E546C9BF1B4EE33500D8DD6D /* Parse.framework */,
				E546C9A71B4EE2E400D8DD6D /* AudioToolbox.framework */,
				E546C9A81B4EE2E400D8DD6D /* CFNetwork.framework */,
				E546C9A91B4EE2E400D8DD6D /* CoreGraphics.framework */,
				E546C9AA1B4EE2E400D8DD6D /* CoreLocation.framework */,
				E546C9AB1B4EE2E400D8DD6D /* libsqlite3.dylib */,
				E546C9AC1B4EE2E400D8DD6D /* libz.dylib */,
				E546C9AD1B4EE2E400D8DD6D /* MobileCoreServices.framework */,
				E546C9AE1B4EE2E400D8DD6D /* QuartzCore.framework */,
				E546C9AF1B4EE2E400D8DD6D /* Security.framework */,
				E546C9B01B4EE2E400D8DD6D /* StoreKit.framework */,
				E546C9B11B4EE2E400D8DD6D /* SystemConfiguration.framework */,
			);
			name = Frameworks;
			path = ParseShare.xcodeproj;
			sourceTree = "<group>";
		};
/* End PBXGroup section */

/* Begin PBXNativeTarget section */
		E546C9811B4EB49600D8DD6D /* ParseShare */ = {
			isa = PBXNativeTarget;
			buildConfigurationList = E546C9A11B4EB49600D8DD6D /* Build configuration list for PBXNativeTarget "ParseShare" */;
			buildPhases = (
				E546C97E1B4EB49600D8DD6D /* Sources */,
				E546C97F1B4EB49600D8DD6D /* Frameworks */,
				E546C9801B4EB49600D8DD6D /* Resources */,
			);
			buildRules = (
			);
			dependencies = (
			);
			name = ParseShare;
			productName = ParseShare;
			productReference = E546C9821B4EB49600D8DD6D /* ParseShare.app */;
			productType = "com.apple.product-type.application";
		};
		E546C9961B4EB49600D8DD6D /* ParseShareTests */ = {
			isa = PBXNativeTarget;
			buildConfigurationList = E546C9A41B4EB49600D8DD6D /* Build configuration list for PBXNativeTarget "ParseShareTests" */;
			buildPhases = (
				E546C9931B4EB49600D8DD6D /* Sources */,
				E546C9941B4EB49600D8DD6D /* Frameworks */,
				E546C9951B4EB49600D8DD6D /* Resources */,
			);
			buildRules = (
			);
			dependencies = (
				E546C9991B4EB49600D8DD6D /* PBXTargetDependency */,
			);
			name = ParseShareTests;
			productName = ParseShareTests;
			productReference = E546C9971B4EB49600D8DD6D /* ParseShareTests.xctest */;
			productType = "com.apple.product-type.bundle.unit-test";
		};
/* End PBXNativeTarget section */

/* Begin PBXProject section */
		E546C97A1B4EB49600D8DD6D /* Project object */ = {
			isa = PBXProject;
			attributes = {
				LastUpgradeCheck = 0640;
				ORGANIZATIONNAME = "Chris Clough";
				TargetAttributes = {
					E546C9811B4EB49600D8DD6D = {
						CreatedOnToolsVersion = 6.4;
					};
					E546C9961B4EB49600D8DD6D = {
						CreatedOnToolsVersion = 6.4;
						TestTargetID = E546C9811B4EB49600D8DD6D;
					};
				};
			};
			buildConfigurationList = E546C97D1B4EB49600D8DD6D /* Build configuration list for PBXProject "ParseShare" */;
			compatibilityVersion = "Xcode 3.2";
			developmentRegion = English;
			hasScannedForEncodings = 0;
			knownRegions = (
				en,
				Base,
			);
			mainGroup = E546C9791B4EB49600D8DD6D;
			productRefGroup = E546C9831B4EB49600D8DD6D /* Products */;
			projectDirPath = "";
			projectRoot = "";
			targets = (
				E546C9811B4EB49600D8DD6D /* ParseShare */,
				E546C9961B4EB49600D8DD6D /* ParseShareTests */,
			);
		};
/* End PBXProject section */

/* Begin PBXResourcesBuildPhase section */
		E546C9801B4EB49600D8DD6D /* Resources */ = {
			isa = PBXResourcesBuildPhase;
			buildActionMask = 2147483647;
			files = (
				E546C98D1B4EB49600D8DD6D /* Main.storyboard in Resources */,
				E546C9921B4EB49600D8DD6D /* LaunchScreen.xib in Resources */,
				E546C98F1B4EB49600D8DD6D /* Images.xcassets in Resources */,
			);
			runOnlyForDeploymentPostprocessing = 0;
		};
		E546C9951B4EB49600D8DD6D /* Resources */ = {
			isa = PBXResourcesBuildPhase;
			buildActionMask = 2147483647;
			files = (
			);
			runOnlyForDeploymentPostprocessing = 0;
		};
/* End PBXResourcesBuildPhase section */

/* Begin PBXSourcesBuildPhase section */
		E546C97E1B4EB49600D8DD6D /* Sources */ = {
			isa = PBXSourcesBuildPhase;
			buildActionMask = 2147483647;
			files = (
				FDD1D8411B4F1A7100D7D415 /* SignUpViewController.swift in Sources */,
				E546C98A1B4EB49600D8DD6D /* LoginViewController.swift in Sources */,
				E546C9881B4EB49600D8DD6D /* AppDelegate.swift in Sources */,
				FDD1D8431B4FE6DB00D7D415 /* HomeViewController.swift in Sources */,
			);
			runOnlyForDeploymentPostprocessing = 0;
		};
		E546C9931B4EB49600D8DD6D /* Sources */ = {
			isa = PBXSourcesBuildPhase;
			buildActionMask = 2147483647;
			files = (
				E546C99E1B4EB49600D8DD6D /* ParseShareTests.swift in Sources */,
			);
			runOnlyForDeploymentPostprocessing = 0;
		};
/* End PBXSourcesBuildPhase section */

/* Begin PBXTargetDependency section */
		E546C9991B4EB49600D8DD6D /* PBXTargetDependency */ = {
			isa = PBXTargetDependency;
			target = E546C9811B4EB49600D8DD6D /* ParseShare */;
			targetProxy = E546C9981B4EB49600D8DD6D /* PBXContainerItemProxy */;
		};
/* End PBXTargetDependency section */

/* Begin PBXVariantGroup section */
		E546C98B1B4EB49600D8DD6D /* Main.storyboard */ = {
			isa = PBXVariantGroup;
			children = (
				E546C98C1B4EB49600D8DD6D /* Base */,
			);
			name = Main.storyboard;
			sourceTree = "<group>";
		};
		E546C9901B4EB49600D8DD6D /* LaunchScreen.xib */ = {
			isa = PBXVariantGroup;
			children = (
				E546C9911B4EB49600D8DD6D /* Base */,
			);
			name = LaunchScreen.xib;
			sourceTree = "<group>";
		};
/* End PBXVariantGroup section */

/* Begin XCBuildConfiguration section */
		E546C99F1B4EB49600D8DD6D /* Debug */ = {
			isa = XCBuildConfiguration;
			buildSettings = {
				ALWAYS_SEARCH_USER_PATHS = NO;
				CLANG_CXX_LANGUAGE_STANDARD = "gnu++0x";
				CLANG_CXX_LIBRARY = "libc++";
				CLANG_ENABLE_MODULES = YES;
				CLANG_ENABLE_OBJC_ARC = YES;
				CLANG_WARN_BOOL_CONVERSION = YES;
				CLANG_WARN_CONSTANT_CONVERSION = YES;
				CLANG_WARN_DIRECT_OBJC_ISA_USAGE = YES_ERROR;
				CLANG_WARN_EMPTY_BODY = YES;
				CLANG_WARN_ENUM_CONVERSION = YES;
				CLANG_WARN_INT_CONVERSION = YES;
				CLANG_WARN_OBJC_ROOT_CLASS = YES_ERROR;
				CLANG_WARN_UNREACHABLE_CODE = YES;
				CLANG_WARN__DUPLICATE_METHOD_MATCH = YES;
				"CODE_SIGN_IDENTITY[sdk=iphoneos*]" = "iPhone Developer";
				COPY_PHASE_STRIP = NO;
				DEBUG_INFORMATION_FORMAT = "dwarf-with-dsym";
				ENABLE_STRICT_OBJC_MSGSEND = YES;
				GCC_C_LANGUAGE_STANDARD = gnu99;
				GCC_DYNAMIC_NO_PIC = NO;
				GCC_NO_COMMON_BLOCKS = YES;
				GCC_OPTIMIZATION_LEVEL = 0;
				GCC_PREPROCESSOR_DEFINITIONS = (
					"DEBUG=1",
					"$(inherited)",
				);
				GCC_SYMBOLS_PRIVATE_EXTERN = NO;
				GCC_WARN_64_TO_32_BIT_CONVERSION = YES;
				GCC_WARN_ABOUT_RETURN_TYPE = YES_ERROR;
				GCC_WARN_UNDECLARED_SELECTOR = YES;
				GCC_WARN_UNINITIALIZED_AUTOS = YES_AGGRESSIVE;
				GCC_WARN_UNUSED_FUNCTION = YES;
				GCC_WARN_UNUSED_VARIABLE = YES;
				IPHONEOS_DEPLOYMENT_TARGET = 8.4;
				MTL_ENABLE_DEBUG_INFO = YES;
				ONLY_ACTIVE_ARCH = YES;
				SDKROOT = iphoneos;
				SWIFT_OPTIMIZATION_LEVEL = "-Onone";
			};
			name = Debug;
		};
		E546C9A01B4EB49600D8DD6D /* Release */ = {
			isa = XCBuildConfiguration;
			buildSettings = {
				ALWAYS_SEARCH_USER_PATHS = NO;
				CLANG_CXX_LANGUAGE_STANDARD = "gnu++0x";
				CLANG_CXX_LIBRARY = "libc++";
				CLANG_ENABLE_MODULES = YES;
				CLANG_ENABLE_OBJC_ARC = YES;
				CLANG_WARN_BOOL_CONVERSION = YES;
				CLANG_WARN_CONSTANT_CONVERSION = YES;
				CLANG_WARN_DIRECT_OBJC_ISA_USAGE = YES_ERROR;
				CLANG_WARN_EMPTY_BODY = YES;
				CLANG_WARN_ENUM_CONVERSION = YES;
				CLANG_WARN_INT_CONVERSION = YES;
				CLANG_WARN_OBJC_ROOT_CLASS = YES_ERROR;
				CLANG_WARN_UNREACHABLE_CODE = YES;
				CLANG_WARN__DUPLICATE_METHOD_MATCH = YES;
				"CODE_SIGN_IDENTITY[sdk=iphoneos*]" = "iPhone Developer";
				COPY_PHASE_STRIP = NO;
				DEBUG_INFORMATION_FORMAT = "dwarf-with-dsym";
				ENABLE_NS_ASSERTIONS = NO;
				ENABLE_STRICT_OBJC_MSGSEND = YES;
				GCC_C_LANGUAGE_STANDARD = gnu99;
				GCC_NO_COMMON_BLOCKS = YES;
				GCC_WARN_64_TO_32_BIT_CONVERSION = YES;
				GCC_WARN_ABOUT_RETURN_TYPE = YES_ERROR;
				GCC_WARN_UNDECLARED_SELECTOR = YES;
				GCC_WARN_UNINITIALIZED_AUTOS = YES_AGGRESSIVE;
				GCC_WARN_UNUSED_FUNCTION = YES;
				GCC_WARN_UNUSED_VARIABLE = YES;
				IPHONEOS_DEPLOYMENT_TARGET = 8.4;
				MTL_ENABLE_DEBUG_INFO = NO;
				SDKROOT = iphoneos;
				VALIDATE_PRODUCT = YES;
			};
			name = Release;
		};
		E546C9A21B4EB49600D8DD6D /* Debug */ = {
			isa = XCBuildConfiguration;
			buildSettings = {
				ASSETCATALOG_COMPILER_APPICON_NAME = AppIcon;
				FRAMEWORK_SEARCH_PATHS = (
					"$(inherited)",
					"$(PROJECT_DIR)/ParseShare.xcodeproj",
				);
				INFOPLIST_FILE = ParseShare/Info.plist;
				LD_RUNPATH_SEARCH_PATHS = "$(inherited) @executable_path/Frameworks";
				PRODUCT_NAME = "$(TARGET_NAME)";
			};
			name = Debug;
		};
		E546C9A31B4EB49600D8DD6D /* Release */ = {
			isa = XCBuildConfiguration;
			buildSettings = {
				ASSETCATALOG_COMPILER_APPICON_NAME = AppIcon;
				FRAMEWORK_SEARCH_PATHS = (
					"$(inherited)",
					"$(PROJECT_DIR)/ParseShare.xcodeproj",
				);
				INFOPLIST_FILE = ParseShare/Info.plist;
				LD_RUNPATH_SEARCH_PATHS = "$(inherited) @executable_path/Frameworks";
				PRODUCT_NAME = "$(TARGET_NAME)";
			};
			name = Release;
		};
		E546C9A51B4EB49600D8DD6D /* Debug */ = {
			isa = XCBuildConfiguration;
			buildSettings = {
				BUNDLE_LOADER = "$(TEST_HOST)";
				FRAMEWORK_SEARCH_PATHS = (
					"$(SDKROOT)/Developer/Library/Frameworks",
					"$(inherited)",
				);
				GCC_PREPROCESSOR_DEFINITIONS = (
					"DEBUG=1",
					"$(inherited)",
				);
				INFOPLIST_FILE = ParseShareTests/Info.plist;
				LD_RUNPATH_SEARCH_PATHS = "$(inherited) @executable_path/Frameworks @loader_path/Frameworks";
				PRODUCT_NAME = "$(TARGET_NAME)";
				TEST_HOST = "$(BUILT_PRODUCTS_DIR)/ParseShare.app/ParseShare";
			};
			name = Debug;
		};
		E546C9A61B4EB49600D8DD6D /* Release */ = {
			isa = XCBuildConfiguration;
			buildSettings = {
				BUNDLE_LOADER = "$(TEST_HOST)";
				FRAMEWORK_SEARCH_PATHS = (
					"$(SDKROOT)/Developer/Library/Frameworks",
					"$(inherited)",
				);
				INFOPLIST_FILE = ParseShareTests/Info.plist;
				LD_RUNPATH_SEARCH_PATHS = "$(inherited) @executable_path/Frameworks @loader_path/Frameworks";
				PRODUCT_NAME = "$(TARGET_NAME)";
				TEST_HOST = "$(BUILT_PRODUCTS_DIR)/ParseShare.app/ParseShare";
			};
			name = Release;
		};
/* End XCBuildConfiguration section */

/* Begin XCConfigurationList section */
		E546C97D1B4EB49600D8DD6D /* Build configuration list for PBXProject "ParseShare" */ = {
			isa = XCConfigurationList;
			buildConfigurations = (
				E546C99F1B4EB49600D8DD6D /* Debug */,
				E546C9A01B4EB49600D8DD6D /* Release */,
			);
			defaultConfigurationIsVisible = 0;
			defaultConfigurationName = Release;
		};
		E546C9A11B4EB49600D8DD6D /* Build configuration list for PBXNativeTarget "ParseShare" */ = {
			isa = XCConfigurationList;
			buildConfigurations = (
				E546C9A21B4EB49600D8DD6D /* Debug */,
				E546C9A31B4EB49600D8DD6D /* Release */,
			);
			defaultConfigurationIsVisible = 0;
			defaultConfigurationName = Release;
		};
		E546C9A41B4EB49600D8DD6D /* Build configuration list for PBXNativeTarget "ParseShareTests" */ = {
			isa = XCConfigurationList;
			buildConfigurations = (
				E546C9A51B4EB49600D8DD6D /* Debug */,
				E546C9A61B4EB49600D8DD6D /* Release */,
			);
			defaultConfigurationIsVisible = 0;
			defaultConfigurationName = Release;
		};
/* End XCConfigurationList section */
	};
	rootObject = E546C97A1B4EB49600D8DD6D /* Project object */;
}
